Microsoft Visual Studio Solution File, Format Version 12.00
# Visual Studio Version 17
VisualStudioVersion = 17.5.2.0
MinimumVisualStudioVersion = 10.0.40219.1
Project("{FAE04EC0-301F-11D3-BF4B-00C04F79EFBC}") = "DemoMovie", "DemoMovie\DemoMovie.csproj", "{D2110584-B0C7-D0CF-1910-4055ABB4B9F8}"
EndProject
Global
	GlobalSection(SolutionConfigurationPlatforms) = preSolution
		Debug|Any CPU = Debug|Any CPU
		Release|Any CPU = Release|Any CPU
	EndGlobalSection
	GlobalSection(ProjectConfigurationPlatforms) = postSolution
		{D2110584-B0C7-D0CF-1910-4055ABB4B9F8}.Debug|Any CPU.ActiveCfg = Debug|Any CPU
		{D2110584-B0C7-D0CF-1910-4055ABB4B9F8}.Debug|Any CPU.Build.0 = Debug|Any CPU
		{D2110584-B0C7-D0CF-1910-4055ABB4B9F8}.Release|Any CPU.ActiveCfg = Release|Any CPU
		{D2110584-B0C7-D0CF-1910-4055ABB4B9F8}.Release|Any CPU.Build.0 = Release|Any CPU
	EndGlobalSection
	GlobalSection(SolutionProperties) = preSolution
		HideSolutionNode = FALSE
	EndGlobalSection
	GlobalSection(ExtensibilityGlobals) = postSolution
		SolutionGuid = {2FBC40B6-98EF-43EF-BDA2-DDCF263172A4}
	EndGlobalSection
EndGlobal
